
Microsoft Visual Studio Solution File, Format Version 12.00
# Visual Studio Version 17
VisualStudioVersion = 17.0.31903.59
MinimumVisualStudioVersion = 10.0.40219.1
Project("{FAE04EC0-301F-11D3-BF4B-00C04F79EFBC}") = "POSApp.UI", "POSApp.UI\POSApp.UI.csproj", "{468C8A0C-4F81-4F68-A021-5812E077E99E}"
EndProject
Project("{FAE04EC0-301F-11D3-BF4B-00C04F79EFBC}") = "POSApp.Core", "POSApp.Core\POSApp.Core.csproj", "{38E5B1B9-1801-4B4F-A03B-302F8F853ED6}"
EndProject
Project("{FAE04EC0-301F-11D3-BF4B-00C04F79EFBC}") = "POSApp.Infrastructure", "POSApp.Infrastructure\POSApp.Infrastructure.csproj", "{70062B87-D772-49DB-8B96-2A9F39B70162}"
EndProject
Project("{FAE04EC0-301F-11D3-BF4B-00C04F79EFBC}") = "POSApp.Data", "POSApp.Data\POSApp.Data.csproj", "{821CCBB8-2E11-4C44-8B1C-A5AE0686869E}"
EndProject
Project("{FAE04EC0-301F-11D3-BF4B-00C04F79EFBC}") = "POSApp.Tests", "POSApp.Tests\POSApp.Tests.csproj", "{3D06940F-D38B-4703-B576-C540D79CB20A}"
EndProject
Global
	GlobalSection(SolutionConfigurationPlatforms) = preSolution
		Debug|Any CPU = Debug|Any CPU
		Debug|x64 = Debug|x64
		Debug|x86 = Debug|x86
		Release|Any CPU = Release|Any CPU
		Release|x64 = Release|x64
		Release|x86 = Release|x86
	EndGlobalSection
	GlobalSection(ProjectConfigurationPlatforms) = postSolution
		{468C8A0C-4F81-4F68-A021-5812E077E99E}.Debug|Any CPU.ActiveCfg = Debug|Any CPU
		{468C8A0C-4F81-4F68-A021-5812E077E99E}.Debug|Any CPU.Build.0 = Debug|Any CPU
		{468C8A0C-4F81-4F68-A021-5812E077E99E}.Debug|x64.ActiveCfg = Debug|Any CPU
		{468C8A0C-4F81-4F68-A021-5812E077E99E}.Debug|x64.Build.0 = Debug|Any CPU
		{468C8A0C-4F81-4F68-A021-5812E077E99E}.Debug|x86.ActiveCfg = Debug|Any CPU
		{468C8A0C-4F81-4F68-A021-5812E077E99E}.Debug|x86.Build.0 = Debug|Any CPU
		{468C8A0C-4F81-4F68-A021-5812E077E99E}.Release|Any CPU.ActiveCfg = Release|Any CPU
		{468C8A0C-4F81-4F68-A021-5812E077E99E}.Release|Any CPU.Build.0 = Release|Any CPU
		{468C8A0C-4F81-4F68-A021-5812E077E99E}.Release|x64.ActiveCfg = Release|Any CPU
		{468C8A0C-4F81-4F68-A021-5812E077E99E}.Release|x64.Build.0 = Release|Any CPU
		{468C8A0C-4F81-4F68-A021-5812E077E99E}.Release|x86.ActiveCfg = Release|Any CPU
		{468C8A0C-4F81-4F68-A021-5812E077E99E}.Release|x86.Build.0 = Release|Any CPU
		{38E5B1B9-1801-4B4F-A03B-302F8F853ED6}.Debug|Any CPU.ActiveCfg = Debug|Any CPU
		{38E5B1B9-1801-4B4F-A03B-302F8F853ED6}.Debug|Any CPU.Build.0 = Debug|Any CPU
		{38E5B1B9-1801-4B4F-A03B-302F8F853ED6}.Debug|x64.ActiveCfg = Debug|Any CPU
		{38E5B1B9-1801-4B4F-A03B-302F8F853ED6}.Debug|x64.Build.0 = Debug|Any CPU
		{38E5B1B9-1801-4B4F-A03B-302F8F853ED6}.Debug|x86.ActiveCfg = Debug|Any CPU
		{38E5B1B9-1801-4B4F-A03B-302F8F853ED6}.Debug|x86.Build.0 = Debug|Any CPU
		{38E5B1B9-1801-4B4F-A03B-302F8F853ED6}.Release|Any CPU.ActiveCfg = Release|Any CPU
		{38E5B1B9-1801-4B4F-A03B-302F8F853ED6}.Release|Any CPU.Build.0 = Release|Any CPU
		{38E5B1B9-1801-4B4F-A03B-302F8F853ED6}.Release|x64.ActiveCfg = Release|Any CPU
		{38E5B1B9-1801-4B4F-A03B-302F8F853ED6}.Release|x64.Build.0 = Release|Any CPU
		{38E5B1B9-1801-4B4F-A03B-302F8F853ED6}.Release|x86.ActiveCfg = Release|Any CPU
		{38E5B1B9-1801-4B4F-A03B-302F8F853ED6}.Release|x86.Build.0 = Release|Any CPU
		{70062B87-D772-49DB-8B96-2A9F39B70162}.Debug|Any CPU.ActiveCfg = Debug|Any CPU
		{70062B87-D772-49DB-8B96-2A9F39B70162}.Debug|Any CPU.Build.0 = Debug|Any CPU
		{70062B87-D772-49DB-8B96-2A9F39B70162}.Debug|x64.ActiveCfg = Debug|Any CPU
		{70062B87-D772-49DB-8B96-2A9F39B70162}.Debug|x64.Build.0 = Debug|Any CPU
		{70062B87-D772-49DB-8B96-2A9F39B70162}.Debug|x86.ActiveCfg = Debug|Any CPU
		{70062B87-D772-49DB-8B96-2A9F39B70162}.Debug|x86.Build.0 = Debug|Any CPU
		{70062B87-D772-49DB-8B96-2A9F39B70162}.Release|Any CPU.ActiveCfg = Release|Any CPU
		{70062B87-D772-49DB-8B96-2A9F39B70162}.Release|Any CPU.Build.0 = Release|Any CPU
		{70062B87-D772-49DB-8B96-2A9F39B70162}.Release|x64.ActiveCfg = Release|Any CPU
		{70062B87-D772-49DB-8B96-2A9F39B70162}.Release|x64.Build.0 = Release|Any CPU
		{70062B87-D772-49DB-8B96-2A9F39B70162}.Release|x86.ActiveCfg = Release|Any CPU
		{70062B87-D772-49DB-8B96-2A9F39B70162}.Release|x86.Build.0 = Release|Any CPU
		{821CCBB8-2E11-4C44-8B1C-A5AE0686869E}.Debug|Any CPU.ActiveCfg = Debug|Any CPU
		{821CCBB8-2E11-4C44-8B1C-A5AE0686869E}.Debug|Any CPU.Build.0 = Debug|Any CPU
		{821CCBB8-2E11-4C44-8B1C-A5AE0686869E}.Debug|x64.ActiveCfg = Debug|Any CPU
		{821CCBB8-2E11-4C44-8B1C-A5AE0686869E}.Debug|x64.Build.0 = Debug|Any CPU
		{821CCBB8-2E11-4C44-8B1C-A5AE0686869E}.Debug|x86.ActiveCfg = Debug|Any CPU
		{821CCBB8-2E11-4C44-8B1C-A5AE0686869E}.Debug|x86.Build.0 = Debug|Any CPU
		{821CCBB8-2E11-4C44-8B1C-A5AE0686869E}.Release|Any CPU.ActiveCfg = Release|Any CPU
		{821CCBB8-2E11-4C44-8B1C-A5AE0686869E}.Release|Any CPU.Build.0 = Release|Any CPU
		{821CCBB8-2E11-4C44-8B1C-A5AE0686869E}.Release|x64.ActiveCfg = Release|Any CPU
		{821CCBB8-2E11-4C44-8B1C-A5AE0686869E}.Release|x64.Build.0 = Release|Any CPU
		{821CCBB8-2E11-4C44-8B1C-A5AE0686869E}.Release|x86.ActiveCfg = Release|Any CPU
		{821CCBB8-2E11-4C44-8B1C-A5AE0686869E}.Release|x86.Build.0 = Release|Any CPU
		{3D06940F-D38B-4703-B576-C540D79CB20A}.Debug|Any CPU.ActiveCfg = Debug|Any CPU
		{3D06940F-D38B-4703-B576-C540D79CB20A}.Debug|Any CPU.Build.0 = Debug|Any CPU
		{3D06940F-D38B-4703-B576-C540D79CB20A}.Debug|x64.ActiveCfg = Debug|Any CPU
		{3D06940F-D38B-4703-B576-C540D79CB20A}.Debug|x64.Build.0 = Debug|Any CPU
		{3D06940F-D38B-4703-B576-C540D79CB20A}.Debug|x86.ActiveCfg = Debug|Any CPU
		{3D06940F-D38B-4703-B576-C540D79CB20A}.Debug|x86.Build.0 = Debug|Any CPU
		{3D06940F-D38B-4703-B576-C540D79CB20A}.Release|Any CPU.ActiveCfg = Release|Any CPU
		{3D06940F-D38B-4703-B576-C540D79CB20A}.Release|Any CPU.Build.0 = Release|Any CPU
		{3D06940F-D38B-4703-B576-C540D79CB20A}.Release|x64.ActiveCfg = Release|Any CPU
		{3D06940F-D38B-4703-B576-C540D79CB20A}.Release|x64.Build.0 = Release|Any CPU
		{3D06940F-D38B-4703-B576-C540D79CB20A}.Release|x86.ActiveCfg = Release|Any CPU
		{3D06940F-D38B-4703-B576-C540D79CB20A}.Release|x86.Build.0 = Release|Any CPU
	EndGlobalSection
	GlobalSection(SolutionProperties) = preSolution
		HideSolutionNode = FALSE
	EndGlobalSection
EndGlobal
